
Microsoft Visual Studio Solution File, Format Version 12.00
# Visual Studio Version 16
VisualStudioVersion = 16.0.29509.3
MinimumVisualStudioVersion = 10.0.40219.1
Project("{FAE04EC0-301F-11D3-BF4B-00C04F79EFBC}") = "BookApi", "BookApi.csproj", "{0D1215AE-8864-4C7D-84F3-40AD5F3AC235}"
EndProject
Global
	GlobalSection(SolutionConfigurationPlatforms) = preSolution
		Debug|Any CPU = Debug|Any CPU
		Release|Any CPU = Release|Any CPU
	EndGlobalSection
	GlobalSection(ProjectConfigurationPlatforms) = postSolution
		{0D1215AE-8864-4C7D-84F3-40AD5F3AC235}.Debug|Any CPU.ActiveCfg = Debug|Any CPU
		{0D1215AE-8864-4C7D-84F3-40AD5F3AC235}.Debug|Any CPU.Build.0 = Debug|Any CPU
		{0D1215AE-8864-4C7D-84F3-40AD5F3AC235}.Release|Any CPU.ActiveCfg = Release|Any CPU
		{0D1215AE-8864-4C7D-84F3-40AD5F3AC235}.Release|Any CPU.Build.0 = Release|Any CPU
	EndGlobalSection
	GlobalSection(SolutionProperties) = preSolution
		HideSolutionNode = FALSE
	EndGlobalSection
	GlobalSection(ExtensibilityGlobals) = postSolution
		SolutionGuid = {1F3E56BD-6B27-4797-8701-07D2CEF69F35}
	EndGlobalSection
EndGlobal
